{
  "name": "mingsocket",
  "version": "1.0.0",
  "lockfileVersion": 2,
  "requires": true,
  "packages": {
    "": {
      "version": "1.0.0",
      "license": "ISC",
      "dependencies": {
        "ming_node": "^2.9.8"
      }
    },
    "node_modules/ming_node": {
      "version": "2.9.8",
      "resolved": "https://registry.npmjs.org/ming_node/-/ming_node-2.9.8.tgz",
      "integrity": "sha512-k40QcGPS9V0g9aRvM8h1v6TE8hBGIIPEXUtMS7k5sne5lOR2fsztjtukTKg5Qvn33jiZMqc8pkeWkv29bbmh2w=="
    }
  },
  "dependencies": {
    "ming_node": {
      "version": "2.9.8",
      "resolved": "https://registry.npmjs.org/ming_node/-/ming_node-2.9.8.tgz",
      "integrity": "sha512-k40QcGPS9V0g9aRvM8h1v6TE8hBGIIPEXUtMS7k5sne5lOR2fsztjtukTKg5Qvn33jiZMqc8pkeWkv29bbmh2w=="
    }
  }
}
